
Microsoft Visual Studio Solution File, Format Version 12.00
# Visual Studio Version 17
VisualStudioVersion = 17.14.36511.14 d17.14
MinimumVisualStudioVersion = 10.0.40219.1
Project("{FAE04EC0-301F-11D3-BF4B-00C04F79EFBC}") = "MathGUI", "MathGUI.csproj", "{519C6AC8-AF5D-6B84-EEBD-B83498C80E00}"
EndProject
Global
	GlobalSection(SolutionConfigurationPlatforms) = preSolution
		Debug|Any CPU = Debug|Any CPU
		Release|Any CPU = Release|Any CPU
	EndGlobalSection
	GlobalSection(ProjectConfigurationPlatforms) = postSolution
		{519C6AC8-AF5D-6B84-EEBD-B83498C80E00}.Debug|Any CPU.ActiveCfg = Debug|Any CPU
		{519C6AC8-AF5D-6B84-EEBD-B83498C80E00}.Debug|Any CPU.Build.0 = Debug|Any CPU
		{519C6AC8-AF5D-6B84-EEBD-B83498C80E00}.Release|Any CPU.ActiveCfg = Release|Any CPU
		{519C6AC8-AF5D-6B84-EEBD-B83498C80E00}.Release|Any CPU.Build.0 = Release|Any CPU
	EndGlobalSection
	GlobalSection(SolutionProperties) = preSolution
		HideSolutionNode = FALSE
	EndGlobalSection
	GlobalSection(ExtensibilityGlobals) = postSolution
		SolutionGuid = {6E05235F-43E4-4053-A2F2-EDFCEF7CD30A}
	EndGlobalSection
EndGlobal
